
Microsoft Visual Studio Solution File, Format Version 12.00
# Visual Studio Version 16
VisualStudioVersion = 16.0.30611.23
MinimumVisualStudioVersion = 10.0.40219.1
Project("{FAE04EC0-301F-11D3-BF4B-00C04F79EFBC}") = "practica 3", "practica 3.csproj", "{3A491CAF-8F65-4B0C-957A-4E7FA39F2A60}"
EndProject
Global
	GlobalSection(SolutionConfigurationPlatforms) = preSolution
		Debug|Any CPU = Debug|Any CPU
		Release|Any CPU = Release|Any CPU
	EndGlobalSection
	GlobalSection(ProjectConfigurationPlatforms) = postSolution
		{3A491CAF-8F65-4B0C-957A-4E7FA39F2A60}.Debug|Any CPU.ActiveCfg = Debug|Any CPU
		{3A491CAF-8F65-4B0C-957A-4E7FA39F2A60}.Debug|Any CPU.Build.0 = Debug|Any CPU
		{3A491CAF-8F65-4B0C-957A-4E7FA39F2A60}.Release|Any CPU.ActiveCfg = Release|Any CPU
		{3A491CAF-8F65-4B0C-957A-4E7FA39F2A60}.Release|Any CPU.Build.0 = Release|Any CPU
	EndGlobalSection
	GlobalSection(SolutionProperties) = preSolution
		HideSolutionNode = FALSE
	EndGlobalSection
	GlobalSection(ExtensibilityGlobals) = postSolution
		SolutionGuid = {40763C32-6C61-4D59-8887-37B79972DD5E}
	EndGlobalSection
EndGlobal
